{
  "pins" : [
    {
      "identity" : "highlightedtexteditor",
      "kind" : "remoteSourceControl",
      "location" : "https://gitee.com/JiaChengCC/HighlightedTextEditor",
      "state" : {
        "revision" : "7069ede002afc6bde867aef7035f45ff72dc839c",
        "version" : "2.1.0"
      }
    },
    {
      "identity" : "richtextkit",
      "kind" : "remoteSourceControl",
      "location" : "https://gitee.com/JiaChengCC/RichTextKit",
      "state" : {
        "revision" : "eac37cdc1c1e52523b76ae2b4856494c6f1f5a09",
        "version" : "0.1.2"
      }
    }
  ],
  "version" : 2
}
