// !$*UTF8*$!
{
	archiveVersion = 1;
	classes = {
	};
	objectVersion = 56;
	objects = {

/* Begin PBXBuildFile section */
		9D4988DB2917F5650079D3E1 /* YueJiApp.swift in Sources */ = {isa = PBXBuildFile; fileRef = 9D4988DA2917F5650079D3E1 /* YueJiApp.swift */; };
		9D4988DD2917F5650079D3E1 /* ContentView.swift in Sources */ = {isa = PBXBuildFile; fileRef = 9D4988DC2917F5650079D3E1 /* ContentView.swift */; };
		9D4988DF2917F5650079D3E1 /* Assets.xcassets in Resources */ = {isa = PBXBuildFile; fileRef = 9D4988DE2917F5650079D3E1 /* Assets.xcassets */; };
		9D4988E22917F5650079D3E1 /* Preview Assets.xcassets in Resources */ = {isa = PBXBuildFile; fileRef = 9D4988E12917F5650079D3E1 /* Preview Assets.xcassets */; };
		9D4988E42917F5650079D3E1 /* Persistence.swift in Sources */ = {isa = PBXBuildFile; fileRef = 9D4988E32917F5650079D3E1 /* Persistence.swift */; };
		9D4988E72917F5650079D3E1 /* YueJi.xcdatamodeld in Sources */ = {isa = PBXBuildFile; fileRef = 9D4988E52917F5650079D3E1 /* YueJi.xcdatamodeld */; };
		9D4988F32917F5E00079D3E1 /* ContentViewExample.swift in Sources */ = {isa = PBXBuildFile; fileRef = 9D4988F22917F5E00079D3E1 /* ContentViewExample.swift */; };
		9D4988F52918A9120079D3E1 /* Tag.swift in Sources */ = {isa = PBXBuildFile; fileRef = 9D4988F42918A9110079D3E1 /* Tag.swift */; };
		9D4988F82918AC7E0079D3E1 /* Record+CoreDataClass.swift in Sources */ = {isa = PBXBuildFile; fileRef = 9D4988F62918AC7E0079D3E1 /* Record+CoreDataClass.swift */; };
		9D4988F92918AC7E0079D3E1 /* Record+CoreDataProperties.swift in Sources */ = {isa = PBXBuildFile; fileRef = 9D4988F72918AC7E0079D3E1 /* Record+CoreDataProperties.swift */; };
		9D4988FB2918DD610079D3E1 /* StaticProperties.swift in Sources */ = {isa = PBXBuildFile; fileRef = 9D4988FA2918DD610079D3E1 /* StaticProperties.swift */; };
		9DAC3EC5291A3BC20047935E /* Color+Codable.swift in Sources */ = {isa = PBXBuildFile; fileRef = 9DAC3EC4291A3BC20047935E /* Color+Codable.swift */; };
		9DC8DB37291B31340074F3E7 /* MonthCateView.swift in Sources */ = {isa = PBXBuildFile; fileRef = 9DC8DB36291B31340074F3E7 /* MonthCateView.swift */; };
		9DC8DB39291B3A390074F3E7 /* DayTextView.swift in Sources */ = {isa = PBXBuildFile; fileRef = 9DC8DB38291B3A390074F3E7 /* DayTextView.swift */; };
		9DC8DB3B291D251E0074F3E7 /* EditTagView.swift in Sources */ = {isa = PBXBuildFile; fileRef = 9DC8DB3A291D251E0074F3E7 /* EditTagView.swift */; };
/* End PBXBuildFile section */

/* Begin PBXFileReference section */
		9D4988D72917F5650079D3E1 /* YueJi.app */ = {isa = PBXFileReference; explicitFileType = wrapper.application; includeInIndex = 0; path = YueJi.app; sourceTree = BUILT_PRODUCTS_DIR; };
		9D4988DA2917F5650079D3E1 /* YueJiApp.swift */ = {isa = PBXFileReference; lastKnownFileType = sourcecode.swift; path = YueJiApp.swift; sourceTree = "<group>"; };
		9D4988DC2917F5650079D3E1 /* ContentView.swift */ = {isa = PBXFileReference; lastKnownFileType = sourcecode.swift; path = ContentView.swift; sourceTree = "<group>"; };
		9D4988DE2917F5650079D3E1 /* Assets.xcassets */ = {isa = PBXFileReference; lastKnownFileType = folder.assetcatalog; path = Assets.xcassets; sourceTree = "<group>"; };
		9D4988E12917F5650079D3E1 /* Preview Assets.xcassets */ = {isa = PBXFileReference; lastKnownFileType = folder.assetcatalog; path = "Preview Assets.xcassets"; sourceTree = "<group>"; };
		9D4988E32917F5650079D3E1 /* Persistence.swift */ = {isa = PBXFileReference; lastKnownFileType = sourcecode.swift; path = Persistence.swift; sourceTree = "<group>"; };
		9D4988E62917F5650079D3E1 /* YueJi.xcdatamodel */ = {isa = PBXFileReference; lastKnownFileType = wrapper.xcdatamodel; path = YueJi.xcdatamodel; sourceTree = "<group>"; };
		9D4988E82917F5650079D3E1 /* Info.plist */ = {isa = PBXFileReference; lastKnownFileType = text.plist.xml; path = Info.plist; sourceTree = "<group>"; };
		9D4988F22917F5E00079D3E1 /* ContentViewExample.swift */ = {isa = PBXFileReference; lastKnownFileType = sourcecode.swift; path = ContentViewExample.swift; sourceTree = "<group>"; };
		9D4988F42918A9110079D3E1 /* Tag.swift */ = {isa = PBXFileReference; lastKnownFileType = sourcecode.swift; path = Tag.swift; sourceTree = "<group>"; };
		9D4988F62918AC7E0079D3E1 /* Record+CoreDataClass.swift */ = {isa = PBXFileReference; lastKnownFileType = sourcecode.swift; path = "Record+CoreDataClass.swift"; sourceTree = SOURCE_ROOT; };
		9D4988F72918AC7E0079D3E1 /* Record+CoreDataProperties.swift */ = {isa = PBXFileReference; lastKnownFileType = sourcecode.swift; path = "Record+CoreDataProperties.swift"; sourceTree = SOURCE_ROOT; };
		9D4988FA2918DD610079D3E1 /* StaticProperties.swift */ = {isa = PBXFileReference; lastKnownFileType = sourcecode.swift; path = StaticProperties.swift; sourceTree = "<group>"; };
		9DAC3EC4291A3BC20047935E /* Color+Codable.swift */ = {isa = PBXFileReference; lastKnownFileType = sourcecode.swift; path = "Color+Codable.swift"; sourceTree = "<group>"; };
		9DC8DB36291B31340074F3E7 /* MonthCateView.swift */ = {isa = PBXFileReference; lastKnownFileType = sourcecode.swift; path = MonthCateView.swift; sourceTree = "<group>"; };
		9DC8DB38291B3A390074F3E7 /* DayTextView.swift */ = {isa = PBXFileReference; lastKnownFileType = sourcecode.swift; path = DayTextView.swift; sourceTree = "<group>"; };
		9DC8DB3A291D251E0074F3E7 /* EditTagView.swift */ = {isa = PBXFileReference; lastKnownFileType = sourcecode.swift; path = EditTagView.swift; sourceTree = "<group>"; };
/* End PBXFileReference section */

/* Begin PBXFrameworksBuildPhase section */
		9D4988D42917F5650079D3E1 /* Frameworks */ = {
			isa = PBXFrameworksBuildPhase;
			buildActionMask = 2147483647;
			files = (
			);
			runOnlyForDeploymentPostprocessing = 0;
		};
/* End PBXFrameworksBuildPhase section */

/* Begin PBXGroup section */
		9D4988CE2917F5650079D3E1 = {
			isa = PBXGroup;
			children = (
				9D4988D92917F5650079D3E1 /* YueJi */,
				9D4988D82917F5650079D3E1 /* Products */,
			);
			sourceTree = "<group>";
		};
		9D4988D82917F5650079D3E1 /* Products */ = {
			isa = PBXGroup;
			children = (
				9D4988D72917F5650079D3E1 /* YueJi.app */,
			);
			name = Products;
			sourceTree = "<group>";
		};
		9D4988D92917F5650079D3E1 /* YueJi */ = {
			isa = PBXGroup;
			children = (
				9D4988F62918AC7E0079D3E1 /* Record+CoreDataClass.swift */,
				9D4988F72918AC7E0079D3E1 /* Record+CoreDataProperties.swift */,
				9D4988DA2917F5650079D3E1 /* YueJiApp.swift */,
				9D4988FA2918DD610079D3E1 /* StaticProperties.swift */,
				9D4988DC2917F5650079D3E1 /* ContentView.swift */,
				9DC8DB3A291D251E0074F3E7 /* EditTagView.swift */,
				9DC8DB36291B31340074F3E7 /* MonthCateView.swift */,
				9DC8DB38291B3A390074F3E7 /* DayTextView.swift */,
				9D4988F22917F5E00079D3E1 /* ContentViewExample.swift */,
				9D4988DE2917F5650079D3E1 /* Assets.xcassets */,
				9D4988E32917F5650079D3E1 /* Persistence.swift */,
				9D4988E82917F5650079D3E1 /* Info.plist */,
				9D4988E52917F5650079D3E1 /* YueJi.xcdatamodeld */,
				9D4988F42918A9110079D3E1 /* Tag.swift */,
				9DAC3EC4291A3BC20047935E /* Color+Codable.swift */,
				9D4988E02917F5650079D3E1 /* Preview Content */,
			);
			path = YueJi;
			sourceTree = "<group>";
		};
		9D4988E02917F5650079D3E1 /* Preview Content */ = {
			isa = PBXGroup;
			children = (
				9D4988E12917F5650079D3E1 /* Preview Assets.xcassets */,
			);
			path = "Preview Content";
			sourceTree = "<group>";
		};
/* End PBXGroup section */

/* Begin PBXNativeTarget section */
		9D4988D62917F5650079D3E1 /* YueJi */ = {
			isa = PBXNativeTarget;
			buildConfigurationList = 9D4988EB2917F5650079D3E1 /* Build configuration list for PBXNativeTarget "YueJi" */;
			buildPhases = (
				9D4988D32917F5650079D3E1 /* Sources */,
				9D4988D42917F5650079D3E1 /* Frameworks */,
				9D4988D52917F5650079D3E1 /* Resources */,
			);
			buildRules = (
			);
			dependencies = (
			);
			name = YueJi;
			productName = YueJi;
			productReference = 9D4988D72917F5650079D3E1 /* YueJi.app */;
			productType = "com.apple.product-type.application";
		};
/* End PBXNativeTarget section */

/* Begin PBXProject section */
		9D4988CF2917F5650079D3E1 /* Project object */ = {
			isa = PBXProject;
			attributes = {
				BuildIndependentTargetsInParallel = 1;
				LastSwiftUpdateCheck = 1410;
				LastUpgradeCheck = 1410;
				TargetAttributes = {
					9D4988D62917F5650079D3E1 = {
						CreatedOnToolsVersion = 14.1;
					};
				};
			};
			buildConfigurationList = 9D4988D22917F5650079D3E1 /* Build configuration list for PBXProject "YueJi" */;
			compatibilityVersion = "Xcode 14.0";
			developmentRegion = en;
			hasScannedForEncodings = 0;
			knownRegions = (
				en,
				Base,
			);
			mainGroup = 9D4988CE2917F5650079D3E1;
			productRefGroup = 9D4988D82917F5650079D3E1 /* Products */;
			projectDirPath = "";
			projectRoot = "";
			targets = (
				9D4988D62917F5650079D3E1 /* YueJi */,
			);
		};
/* End PBXProject section */

/* Begin PBXResourcesBuildPhase section */
		9D4988D52917F5650079D3E1 /* Resources */ = {
			isa = PBXResourcesBuildPhase;
			buildActionMask = 2147483647;
			files = (
				9D4988E22917F5650079D3E1 /* Preview Assets.xcassets in Resources */,
				9D4988DF2917F5650079D3E1 /* Assets.xcassets in Resources */,
			);
			runOnlyForDeploymentPostprocessing = 0;
		};
/* End PBXResourcesBuildPhase section */

/* Begin PBXSourcesBuildPhase section */
		9D4988D32917F5650079D3E1 /* Sources */ = {
			isa = PBXSourcesBuildPhase;
			buildActionMask = 2147483647;
			files = (
				9D4988F92918AC7E0079D3E1 /* Record+CoreDataProperties.swift in Sources */,
				9D4988F52918A9120079D3E1 /* Tag.swift in Sources */,
				9DC8DB39291B3A390074F3E7 /* DayTextView.swift in Sources */,
				9D4988E72917F5650079D3E1 /* YueJi.xcdatamodeld in Sources */,
				9D4988E42917F5650079D3E1 /* Persistence.swift in Sources */,
				9D4988F82918AC7E0079D3E1 /* Record+CoreDataClass.swift in Sources */,
				9D4988DD2917F5650079D3E1 /* ContentView.swift in Sources */,
				9DC8DB3B291D251E0074F3E7 /* EditTagView.swift in Sources */,
				9D4988F32917F5E00079D3E1 /* ContentViewExample.swift in Sources */,
				9D4988FB2918DD610079D3E1 /* StaticProperties.swift in Sources */,
				9DAC3EC5291A3BC20047935E /* Color+Codable.swift in Sources */,
				9D4988DB2917F5650079D3E1 /* YueJiApp.swift in Sources */,
				9DC8DB37291B31340074F3E7 /* MonthCateView.swift in Sources */,
			);
			runOnlyForDeploymentPostprocessing = 0;
		};
/* End PBXSourcesBuildPhase section */

/* Begin XCBuildConfiguration section */
		9D4988E92917F5650079D3E1 /* Debug */ = {
			isa = XCBuildConfiguration;
			buildSettings = {
				ALWAYS_SEARCH_USER_PATHS = NO;
				CLANG_ANALYZER_NONNULL = YES;
				CLANG_ANALYZER_NUMBER_OBJECT_CONVERSION = YES_AGGRESSIVE;
				CLANG_CXX_LANGUAGE_STANDARD = "gnu++20";
				CLANG_ENABLE_MODULES = YES;
				CLANG_ENABLE_OBJC_ARC = YES;
				CLANG_ENABLE_OBJC_WEAK = YES;
				CLANG_WARN_BLOCK_CAPTURE_AUTORELEASING = YES;
				CLANG_WARN_BOOL_CONVERSION = YES;
				CLANG_WARN_COMMA = YES;
				CLANG_WARN_CONSTANT_CONVERSION = YES;
				CLANG_WARN_DEPRECATED_OBJC_IMPLEMENTATIONS = YES;
				CLANG_WARN_DIRECT_OBJC_ISA_USAGE = YES_ERROR;
				CLANG_WARN_DOCUMENTATION_COMMENTS = YES;
				CLANG_WARN_EMPTY_BODY = YES;
				CLANG_WARN_ENUM_CONVERSION = YES;
				CLANG_WARN_INFINITE_RECURSION = YES;
				CLANG_WARN_INT_CONVERSION = YES;
				CLANG_WARN_NON_LITERAL_NULL_CONVERSION = YES;
				CLANG_WARN_OBJC_IMPLICIT_RETAIN_SELF = YES;
				CLANG_WARN_OBJC_LITERAL_CONVERSION = YES;
				CLANG_WARN_OBJC_ROOT_CLASS = YES_ERROR;
				CLANG_WARN_QUOTED_INCLUDE_IN_FRAMEWORK_HEADER = YES;
				CLANG_WARN_RANGE_LOOP_ANALYSIS = YES;
				CLANG_WARN_STRICT_PROTOTYPES = YES;
				CLANG_WARN_SUSPICIOUS_MOVE = YES;
				CLANG_WARN_UNGUARDED_AVAILABILITY = YES_AGGRESSIVE;
				CLANG_WARN_UNREACHABLE_CODE = YES;
				CLANG_WARN__DUPLICATE_METHOD_MATCH = YES;
				COPY_PHASE_STRIP = NO;
				DEBUG_INFORMATION_FORMAT = dwarf;
				ENABLE_STRICT_OBJC_MSGSEND = YES;
				ENABLE_TESTABILITY = YES;
				GCC_C_LANGUAGE_STANDARD = gnu11;
				GCC_DYNAMIC_NO_PIC = NO;
				GCC_NO_COMMON_BLOCKS = YES;
				GCC_OPTIMIZATION_LEVEL = 0;
				GCC_PREPROCESSOR_DEFINITIONS = (
					"DEBUG=1",
					"$(inherited)",
				);
				GCC_WARN_64_TO_32_BIT_CONVERSION = YES;
				GCC_WARN_ABOUT_RETURN_TYPE = YES_ERROR;
				GCC_WARN_UNDECLARED_SELECTOR = YES;
				GCC_WARN_UNINITIALIZED_AUTOS = YES_AGGRESSIVE;
				GCC_WARN_UNUSED_FUNCTION = YES;
				GCC_WARN_UNUSED_VARIABLE = YES;
				IPHONEOS_DEPLOYMENT_TARGET = 15.0;
				MTL_ENABLE_DEBUG_INFO = INCLUDE_SOURCE;
				MTL_FAST_MATH = YES;
				ONLY_ACTIVE_ARCH = YES;
				SDKROOT = iphoneos;
				SWIFT_ACTIVE_COMPILATION_CONDITIONS = DEBUG;
				SWIFT_OPTIMIZATION_LEVEL = "-Onone";
			};
			name = Debug;
		};
		9D4988EA2917F5650079D3E1 /* Release */ = {
			isa = XCBuildConfiguration;
			buildSettings = {
				ALWAYS_SEARCH_USER_PATHS = NO;
				CLANG_ANALYZER_NONNULL = YES;
				CLANG_ANALYZER_NUMBER_OBJECT_CONVERSION = YES_AGGRESSIVE;
				CLANG_CXX_LANGUAGE_STANDARD = "gnu++20";
				CLANG_ENABLE_MODULES = YES;
				CLANG_ENABLE_OBJC_ARC = YES;
				CLANG_ENABLE_OBJC_WEAK = YES;
				CLANG_WARN_BLOCK_CAPTURE_AUTORELEASING = YES;
				CLANG_WARN_BOOL_CONVERSION = YES;
				CLANG_WARN_COMMA = YES;
				CLANG_WARN_CONSTANT_CONVERSION = YES;
				CLANG_WARN_DEPRECATED_OBJC_IMPLEMENTATIONS = YES;
				CLANG_WARN_DIRECT_OBJC_ISA_USAGE = YES_ERROR;
				CLANG_WARN_DOCUMENTATION_COMMENTS = YES;
				CLANG_WARN_EMPTY_BODY = YES;
				CLANG_WARN_ENUM_CONVERSION = YES;
				CLANG_WARN_INFINITE_RECURSION = YES;
				CLANG_WARN_INT_CONVERSION = YES;
				CLANG_WARN_NON_LITERAL_NULL_CONVERSION = YES;
				CLANG_WARN_OBJC_IMPLICIT_RETAIN_SELF = YES;
				CLANG_WARN_OBJC_LITERAL_CONVERSION = YES;
				CLANG_WARN_OBJC_ROOT_CLASS = YES_ERROR;
				CLANG_WARN_QUOTED_INCLUDE_IN_FRAMEWORK_HEADER = YES;
				CLANG_WARN_RANGE_LOOP_ANALYSIS = YES;
				CLANG_WARN_STRICT_PROTOTYPES = YES;
				CLANG_WARN_SUSPICIOUS_MOVE = YES;
				CLANG_WARN_UNGUARDED_AVAILABILITY = YES_AGGRESSIVE;
				CLANG_WARN_UNREACHABLE_CODE = YES;
				CLANG_WARN__DUPLICATE_METHOD_MATCH = YES;
				COPY_PHASE_STRIP = NO;
				DEBUG_INFORMATION_FORMAT = "dwarf-with-dsym";
				ENABLE_NS_ASSERTIONS = NO;
				ENABLE_STRICT_OBJC_MSGSEND = YES;
				GCC_C_LANGUAGE_STANDARD = gnu11;
				GCC_NO_COMMON_BLOCKS = YES;
				GCC_WARN_64_TO_32_BIT_CONVERSION = YES;
				GCC_WARN_ABOUT_RETURN_TYPE = YES_ERROR;
				GCC_WARN_UNDECLARED_SELECTOR = YES;
				GCC_WARN_UNINITIALIZED_AUTOS = YES_AGGRESSIVE;
				GCC_WARN_UNUSED_FUNCTION = YES;
				GCC_WARN_UNUSED_VARIABLE = YES;
				IPHONEOS_DEPLOYMENT_TARGET = 15.0;
				MTL_ENABLE_DEBUG_INFO = NO;
				MTL_FAST_MATH = YES;
				SDKROOT = iphoneos;
				SWIFT_COMPILATION_MODE = wholemodule;
				SWIFT_OPTIMIZATION_LEVEL = "-O";
				VALIDATE_PRODUCT = YES;
			};
			name = Release;
		};
		9D4988EC2917F5650079D3E1 /* Debug */ = {
			isa = XCBuildConfiguration;
			buildSettings = {
				ASSETCATALOG_COMPILER_APPICON_NAME = AppIcon;
				ASSETCATALOG_COMPILER_GLOBAL_ACCENT_COLOR_NAME = AccentColor;
				CODE_SIGN_STYLE = Automatic;
				CURRENT_PROJECT_VERSION = 1;
				DEVELOPMENT_ASSET_PATHS = "\"YueJi/Preview Content\"";
				DEVELOPMENT_TEAM = G4A24RZ5WH;
				ENABLE_PREVIEWS = YES;
				GENERATE_INFOPLIST_FILE = YES;
				INFOPLIST_KEY_UIApplicationSceneManifest_Generation = YES;
				INFOPLIST_KEY_UIApplicationSupportsIndirectInputEvents = YES;
				INFOPLIST_KEY_UILaunchScreen_Generation = YES;
				INFOPLIST_KEY_UISupportedInterfaceOrientations_iPad = "UIInterfaceOrientationPortrait UIInterfaceOrientationPortraitUpsideDown UIInterfaceOrientationLandscapeLeft UIInterfaceOrientationLandscapeRight";
				INFOPLIST_KEY_UISupportedInterfaceOrientations_iPhone = "UIInterfaceOrientationPortrait UIInterfaceOrientationLandscapeLeft UIInterfaceOrientationLandscapeRight";
				LD_RUNPATH_SEARCH_PATHS = (
					"$(inherited)",
					"@executable_path/Frameworks",
				);
				MARKETING_VERSION = 1.0;
				PRODUCT_BUNDLE_IDENTIFIER = com.jcwang.YueJi12;
				PRODUCT_NAME = "$(TARGET_NAME)";
				SWIFT_EMIT_LOC_STRINGS = YES;
				SWIFT_VERSION = 5.0;
				TARGETED_DEVICE_FAMILY = "1,2";
			};
			name = Debug;
		};
		9D4988ED2917F5650079D3E1 /* Release */ = {
			isa = XCBuildConfiguration;
			buildSettings = {
				ASSETCATALOG_COMPILER_APPICON_NAME = AppIcon;
				ASSETCATALOG_COMPILER_GLOBAL_ACCENT_COLOR_NAME = AccentColor;
				CODE_SIGN_STYLE = Automatic;
				CURRENT_PROJECT_VERSION = 1;
				DEVELOPMENT_ASSET_PATHS = "\"YueJi/Preview Content\"";
				DEVELOPMENT_TEAM = QXK2SWBXZ7;
				ENABLE_PREVIEWS = YES;
				GENERATE_INFOPLIST_FILE = YES;
				INFOPLIST_KEY_UIApplicationSceneManifest_Generation = YES;
				INFOPLIST_KEY_UIApplicationSupportsIndirectInputEvents = YES;
				INFOPLIST_KEY_UILaunchScreen_Generation = YES;
				INFOPLIST_KEY_UISupportedInterfaceOrientations_iPad = "UIInterfaceOrientationPortrait UIInterfaceOrientationPortraitUpsideDown UIInterfaceOrientationLandscapeLeft UIInterfaceOrientationLandscapeRight";
				INFOPLIST_KEY_UISupportedInterfaceOrientations_iPhone = "UIInterfaceOrientationPortrait UIInterfaceOrientationLandscapeLeft UIInterfaceOrientationLandscapeRight";
				LD_RUNPATH_SEARCH_PATHS = (
					"$(inherited)",
					"@executable_path/Frameworks",
				);
				MARKETING_VERSION = 1.0;
				PRODUCT_BUNDLE_IDENTIFIER = com.jcwang.YueJi;
				PRODUCT_NAME = "$(TARGET_NAME)";
				SWIFT_EMIT_LOC_STRINGS = YES;
				SWIFT_VERSION = 5.0;
				TARGETED_DEVICE_FAMILY = "1,2";
			};
			name = Release;
		};
/* End XCBuildConfiguration section */

/* Begin XCConfigurationList section */
		9D4988D22917F5650079D3E1 /* Build configuration list for PBXProject "YueJi" */ = {
			isa = XCConfigurationList;
			buildConfigurations = (
				9D4988E92917F5650079D3E1 /* Debug */,
				9D4988EA2917F5650079D3E1 /* Release */,
			);
			defaultConfigurationIsVisible = 0;
			defaultConfigurationName = Release;
		};
		9D4988EB2917F5650079D3E1 /* Build configuration list for PBXNativeTarget "YueJi" */ = {
			isa = XCConfigurationList;
			buildConfigurations = (
				9D4988EC2917F5650079D3E1 /* Debug */,
				9D4988ED2917F5650079D3E1 /* Release */,
			);
			defaultConfigurationIsVisible = 0;
			defaultConfigurationName = Release;
		};
/* End XCConfigurationList section */

/* Begin XCVersionGroup section */
		9D4988E52917F5650079D3E1 /* YueJi.xcdatamodeld */ = {
			isa = XCVersionGroup;
			children = (
				9D4988E62917F5650079D3E1 /* YueJi.xcdatamodel */,
			);
			currentVersion = 9D4988E62917F5650079D3E1 /* YueJi.xcdatamodel */;
			path = YueJi.xcdatamodeld;
			sourceTree = "<group>";
			versionGroupType = wrapper.xcdatamodel;
		};
/* End XCVersionGroup section */
	};
	rootObject = 9D4988CF2917F5650079D3E1 /* Project object */;
}
